
Microsoft Visual Studio Solution File, Format Version 12.00
# Visual Studio Version 16
VisualStudioVersion = 16.0.34407.143
MinimumVisualStudioVersion = 10.0.40219.1
Project("{FAE04EC0-301F-11D3-BF4B-00C04F79EFBC}") = "UPIFC", "UPIFC.csproj", "{1614E0C2-BEBE-4DA3-9C27-8D6A04A88CD4}"
EndProject
Global
	GlobalSection(SolutionConfigurationPlatforms) = preSolution
		Debug|Any CPU = Debug|Any CPU
		Release|Any CPU = Release|Any CPU
	EndGlobalSection
	GlobalSection(ProjectConfigurationPlatforms) = postSolution
		{1614E0C2-BEBE-4DA3-9C27-8D6A04A88CD4}.Debug|Any CPU.ActiveCfg = Debug|Any CPU
		{1614E0C2-BEBE-4DA3-9C27-8D6A04A88CD4}.Debug|Any CPU.Build.0 = Debug|Any CPU
		{1614E0C2-BEBE-4DA3-9C27-8D6A04A88CD4}.Release|Any CPU.ActiveCfg = Release|Any CPU
		{1614E0C2-BEBE-4DA3-9C27-8D6A04A88CD4}.Release|Any CPU.Build.0 = Release|Any CPU
	EndGlobalSection
	GlobalSection(SolutionProperties) = preSolution
		HideSolutionNode = FALSE
	EndGlobalSection
	GlobalSection(ExtensibilityGlobals) = postSolution
		SolutionGuid = {5A777329-A836-4C77-843B-01E4A9A28875}
	EndGlobalSection
EndGlobal
